
Microsoft Visual Studio Solution File, Format Version 12.00
# Visual Studio 2013
VisualStudioVersion = 12.0.21005.1
MinimumVisualStudioVersion = 10.0.40219.1
Project("{FAE04EC0-301F-11D3-BF4B-00C04F79EFBC}") = "Problem 1-4 Point3D", "Problem 1-4 Point3D\Problem 1-4 Point3D.csproj", "{51930C84-D1DB-447F-9F41-756C1954EE53}"
EndProject
Project("{FAE04EC0-301F-11D3-BF4B-00C04F79EFBC}") = "Problem 5-7 GenericClass", "Problem 5-7 GenericClass\Problem 5-7 GenericClass.csproj", "{9480416C-EF32-4F52-8C47-3126C7D00DAF}"
EndProject
Project("{FAE04EC0-301F-11D3-BF4B-00C04F79EFBC}") = "Problem 8-10 Matrix", "Problem 8-10 Matrix\Problem 8-10 Matrix.csproj", "{B431CAEF-642A-4228-8284-B812329FE217}"
EndProject
Project("{FAE04EC0-301F-11D3-BF4B-00C04F79EFBC}") = "Problem 11. Version attribute", "Problem 11. Version attribute\Problem 11. Version attribute.csproj", "{567FC8A3-8309-42CA-B93D-1EDB43824377}"
EndProject
Global
	GlobalSection(SolutionConfigurationPlatforms) = preSolution
		Debug|Any CPU = Debug|Any CPU
		Release|Any CPU = Release|Any CPU
	EndGlobalSection
	GlobalSection(ProjectConfigurationPlatforms) = postSolution
		{51930C84-D1DB-447F-9F41-756C1954EE53}.Debug|Any CPU.ActiveCfg = Debug|Any CPU
		{51930C84-D1DB-447F-9F41-756C1954EE53}.Debug|Any CPU.Build.0 = Debug|Any CPU
		{51930C84-D1DB-447F-9F41-756C1954EE53}.Release|Any CPU.ActiveCfg = Release|Any CPU
		{51930C84-D1DB-447F-9F41-756C1954EE53}.Release|Any CPU.Build.0 = Release|Any CPU
		{9480416C-EF32-4F52-8C47-3126C7D00DAF}.Debug|Any CPU.ActiveCfg = Debug|Any CPU
		{9480416C-EF32-4F52-8C47-3126C7D00DAF}.Debug|Any CPU.Build.0 = Debug|Any CPU
		{9480416C-EF32-4F52-8C47-3126C7D00DAF}.Release|Any CPU.ActiveCfg = Release|Any CPU
		{9480416C-EF32-4F52-8C47-3126C7D00DAF}.Release|Any CPU.Build.0 = Release|Any CPU
		{B431CAEF-642A-4228-8284-B812329FE217}.Debug|Any CPU.ActiveCfg = Debug|Any CPU
		{B431CAEF-642A-4228-8284-B812329FE217}.Debug|Any CPU.Build.0 = Debug|Any CPU
		{B431CAEF-642A-4228-8284-B812329FE217}.Release|Any CPU.ActiveCfg = Release|Any CPU
		{B431CAEF-642A-4228-8284-B812329FE217}.Release|Any CPU.Build.0 = Release|Any CPU
		{567FC8A3-8309-42CA-B93D-1EDB43824377}.Debug|Any CPU.ActiveCfg = Debug|Any CPU
		{567FC8A3-8309-42CA-B93D-1EDB43824377}.Debug|Any CPU.Build.0 = Debug|Any CPU
		{567FC8A3-8309-42CA-B93D-1EDB43824377}.Release|Any CPU.ActiveCfg = Release|Any CPU
		{567FC8A3-8309-42CA-B93D-1EDB43824377}.Release|Any CPU.Build.0 = Release|Any CPU
	EndGlobalSection
	GlobalSection(SolutionProperties) = preSolution
		HideSolutionNode = FALSE
	EndGlobalSection
EndGlobal
